
Microsoft Visual Studio Solution File, Format Version 12.00
# Visual Studio 15
VisualStudioVersion = 15.0.27004.2009
MinimumVisualStudioVersion = 10.0.40219.1
Project("{FAE04EC0-301F-11D3-BF4B-00C04F79EFBC}") = "Demo", "Demo\Demo.csproj", "{3D02F1EC-F63E-451D-BDD6-E2A07CDE1492}"
EndProject
Project("{FAE04EC0-301F-11D3-BF4B-00C04F79EFBC}") = "LnkReader", "LnkReader\LnkReader.csproj", "{F183729B-CD2B-433B-9730-476CBF273CF7}"
EndProject
Global
	GlobalSection(SolutionConfigurationPlatforms) = preSolution
		Debug|Any CPU = Debug|Any CPU
		Release|Any CPU = Release|Any CPU
	EndGlobalSection
	GlobalSection(ProjectConfigurationPlatforms) = postSolution
		{3D02F1EC-F63E-451D-BDD6-E2A07CDE1492}.Debug|Any CPU.ActiveCfg = Debug|Any CPU
		{3D02F1EC-F63E-451D-BDD6-E2A07CDE1492}.Debug|Any CPU.Build.0 = Debug|Any CPU
		{3D02F1EC-F63E-451D-BDD6-E2A07CDE1492}.Release|Any CPU.ActiveCfg = Release|Any CPU
		{3D02F1EC-F63E-451D-BDD6-E2A07CDE1492}.Release|Any CPU.Build.0 = Release|Any CPU
		{F183729B-CD2B-433B-9730-476CBF273CF7}.Debug|Any CPU.ActiveCfg = Debug|Any CPU
		{F183729B-CD2B-433B-9730-476CBF273CF7}.Debug|Any CPU.Build.0 = Debug|Any CPU
		{F183729B-CD2B-433B-9730-476CBF273CF7}.Release|Any CPU.ActiveCfg = Release|Any CPU
		{F183729B-CD2B-433B-9730-476CBF273CF7}.Release|Any CPU.Build.0 = Release|Any CPU
	EndGlobalSection
	GlobalSection(SolutionProperties) = preSolution
		HideSolutionNode = FALSE
	EndGlobalSection
	GlobalSection(ExtensibilityGlobals) = postSolution
		SolutionGuid = {306ADAF0-A2FE-4801-9A81-7FC722D892EE}
	EndGlobalSection
EndGlobal
